// !$*UTF8*$!
{
	archiveVersion = 1;
	classes = {
	};
	objectVersion = 50;
	objects = {

/* Begin PBXBuildFile section */
		7477287C209E392000A0AAF5 /* AppDelegate.swift in Sources */ = {isa = PBXBuildFile; fileRef = 7477287B209E392000A0AAF5 /* AppDelegate.swift */; };
		7477287E209E392000A0AAF5 /* ViewController.swift in Sources */ = {isa = PBXBuildFile; fileRef = 7477287D209E392000A0AAF5 /* ViewController.swift */; };
		74772881209E392000A0AAF5 /* Main.storyboard in Resources */ = {isa = PBXBuildFile; fileRef = 7477287F209E392000A0AAF5 /* Main.storyboard */; };
		74772883209E392200A0AAF5 /* Assets.xcassets in Resources */ = {isa = PBXBuildFile; fileRef = 74772882209E392200A0AAF5 /* Assets.xcassets */; };
		74772886209E392200A0AAF5 /* LaunchScreen.storyboard in Resources */ = {isa = PBXBuildFile; fileRef = 74772884209E392200A0AAF5 /* LaunchScreen.storyboard */; };
		74772891209E392200A0AAF5 /* ESTimerTests.swift in Sources */ = {isa = PBXBuildFile; fileRef = 74772890209E392200A0AAF5 /* ESTimerTests.swift */; };
		7477289C209E392200A0AAF5 /* ESTimerUITests.swift in Sources */ = {isa = PBXBuildFile; fileRef = 7477289B209E392200A0AAF5 /* ESTimerUITests.swift */; };
/* End PBXBuildFile section */

/* Begin PBXContainerItemProxy section */
		7477288D209E392200A0AAF5 /* PBXContainerItemProxy */ = {
			isa = PBXContainerItemProxy;
			containerPortal = 74772870209E392000A0AAF5 /* Project object */;
			proxyType = 1;
			remoteGlobalIDString = 74772877209E392000A0AAF5;
			remoteInfo = ESTimer;
		};
		74772898209E392200A0AAF5 /* PBXContainerItemProxy */ = {
			isa = PBXContainerItemProxy;
			containerPortal = 74772870209E392000A0AAF5 /* Project object */;
			proxyType = 1;
			remoteGlobalIDString = 74772877209E392000A0AAF5;
			remoteInfo = ESTimer;
		};
/* End PBXContainerItemProxy section */

/* Begin PBXFileReference section */
		74772878209E392000A0AAF5 /* ESTimer.app */ = {isa = PBXFileReference; explicitFileType = wrapper.application; includeInIndex = 0; path = ESTimer.app; sourceTree = BUILT_PRODUCTS_DIR; };
		7477287B209E392000A0AAF5 /* AppDelegate.swift */ = {isa = PBXFileReference; lastKnownFileType = sourcecode.swift; path = AppDelegate.swift; sourceTree = "<group>"; };
		7477287D209E392000A0AAF5 /* ViewController.swift */ = {isa = PBXFileReference; lastKnownFileType = sourcecode.swift; path = ViewController.swift; sourceTree = "<group>"; };
		74772880209E392000A0AAF5 /* Base */ = {isa = PBXFileReference; lastKnownFileType = file.storyboard; name = Base; path = Base.lproj/Main.storyboard; sourceTree = "<group>"; };
		74772882209E392200A0AAF5 /* Assets.xcassets */ = {isa = PBXFileReference; lastKnownFileType = folder.assetcatalog; path = Assets.xcassets; sourceTree = "<group>"; };
		74772885209E392200A0AAF5 /* Base */ = {isa = PBXFileReference; lastKnownFileType = file.storyboard; name = Base; path = Base.lproj/LaunchScreen.storyboard; sourceTree = "<group>"; };
		74772887209E392200A0AAF5 /* Info.plist */ = {isa = PBXFileReference; lastKnownFileType = text.plist.xml; path = Info.plist; sourceTree = "<group>"; };
		7477288C209E392200A0AAF5 /* ESTimerTests.xctest */ = {isa = PBXFileReference; explicitFileType = wrapper.cfbundle; includeInIndex = 0; path = ESTimerTests.xctest; sourceTree = BUILT_PRODUCTS_DIR; };
		74772890209E392200A0AAF5 /* ESTimerTests.swift */ = {isa = PBXFileReference; lastKnownFileType = sourcecode.swift; path = ESTimerTests.swift; sourceTree = "<group>"; };
		74772892209E392200A0AAF5 /* Info.plist */ = {isa = PBXFileReference; lastKnownFileType = text.plist.xml; path = Info.plist; sourceTree = "<group>"; };
		74772897209E392200A0AAF5 /* ESTimerUITests.xctest */ = {isa = PBXFileReference; explicitFileType = wrapper.cfbundle; includeInIndex = 0; path = ESTimerUITests.xctest; sourceTree = BUILT_PRODUCTS_DIR; };
		7477289B209E392200A0AAF5 /* ESTimerUITests.swift */ = {isa = PBXFileReference; lastKnownFileType = sourcecode.swift; path = ESTimerUITests.swift; sourceTree = "<group>"; };
		7477289D209E392200A0AAF5 /* Info.plist */ = {isa = PBXFileReference; lastKnownFileType = text.plist.xml; path = Info.plist; sourceTree = "<group>"; };
/* End PBXFileReference section */

/* Begin PBXFrameworksBuildPhase section */
		74772875209E392000A0AAF5 /* Frameworks */ = {
			isa = PBXFrameworksBuildPhase;
			buildActionMask = 2147483647;
			files = (
			);
			runOnlyForDeploymentPostprocessing = 0;
		};
		74772889209E392200A0AAF5 /* Frameworks */ = {
			isa = PBXFrameworksBuildPhase;
			buildActionMask = 2147483647;
			files = (
			);
			runOnlyForDeploymentPostprocessing = 0;
		};
		74772894209E392200A0AAF5 /* Frameworks */ = {
			isa = PBXFrameworksBuildPhase;
			buildActionMask = 2147483647;
			files = (
			);
			runOnlyForDeploymentPostprocessing = 0;
		};
/* End PBXFrameworksBuildPhase section */

/* Begin PBXGroup section */
		7477286F209E392000A0AAF5 = {
			isa = PBXGroup;
			children = (
				7477287A209E392000A0AAF5 /* ESTimer */,
				7477288F209E392200A0AAF5 /* ESTimerTests */,
				7477289A209E392200A0AAF5 /* ESTimerUITests */,
				74772879209E392000A0AAF5 /* Products */,
			);
			sourceTree = "<group>";
		};
		74772879209E392000A0AAF5 /* Products */ = {
			isa = PBXGroup;
			children = (
				74772878209E392000A0AAF5 /* ESTimer.app */,
				7477288C209E392200A0AAF5 /* ESTimerTests.xctest */,
				74772897209E392200A0AAF5 /* ESTimerUITests.xctest */,
			);
			name = Products;
			sourceTree = "<group>";
		};
		7477287A209E392000A0AAF5 /* ESTimer */ = {
			isa = PBXGroup;
			children = (
				7477287B209E392000A0AAF5 /* AppDelegate.swift */,
				7477287D209E392000A0AAF5 /* ViewController.swift */,
				7477287F209E392000A0AAF5 /* Main.storyboard */,
				74772882209E392200A0AAF5 /* Assets.xcassets */,
				74772884209E392200A0AAF5 /* LaunchScreen.storyboard */,
				74772887209E392200A0AAF5 /* Info.plist */,
			);
			path = ESTimer;
			sourceTree = "<group>";
		};
		7477288F209E392200A0AAF5 /* ESTimerTests */ = {
			isa = PBXGroup;
			children = (
				74772890209E392200A0AAF5 /* ESTimerTests.swift */,
				74772892209E392200A0AAF5 /* Info.plist */,
			);
			path = ESTimerTests;
			sourceTree = "<group>";
		};
		7477289A209E392200A0AAF5 /* ESTimerUITests */ = {
			isa = PBXGroup;
			children = (
				7477289B209E392200A0AAF5 /* ESTimerUITests.swift */,
				7477289D209E392200A0AAF5 /* Info.plist */,
			);
			path = ESTimerUITests;
			sourceTree = "<group>";
		};
/* End PBXGroup section */

/* Begin PBXNativeTarget section */
		74772877209E392000A0AAF5 /* ESTimer */ = {
			isa = PBXNativeTarget;
			buildConfigurationList = 747728A0209E392200A0AAF5 /* Build configuration list for PBXNativeTarget "ESTimer" */;
			buildPhases = (
				74772874209E392000A0AAF5 /* Sources */,
				74772875209E392000A0AAF5 /* Frameworks */,
				74772876209E392000A0AAF5 /* Resources */,
			);
			buildRules = (
			);
			dependencies = (
			);
			name = ESTimer;
			productName = ESTimer;
			productReference = 74772878209E392000A0AAF5 /* ESTimer.app */;
			productType = "com.apple.product-type.application";
		};
		7477288B209E392200A0AAF5 /* ESTimerTests */ = {
			isa = PBXNativeTarget;
			buildConfigurationList = 747728A3209E392200A0AAF5 /* Build configuration list for PBXNativeTarget "ESTimerTests" */;
			buildPhases = (
				74772888209E392200A0AAF5 /* Sources */,
				74772889209E392200A0AAF5 /* Frameworks */,
				7477288A209E392200A0AAF5 /* Resources */,
			);
			buildRules = (
			);
			dependencies = (
				7477288E209E392200A0AAF5 /* PBXTargetDependency */,
			);
			name = ESTimerTests;
			productName = ESTimerTests;
			productReference = 7477288C209E392200A0AAF5 /* ESTimerTests.xctest */;
			productType = "com.apple.product-type.bundle.unit-test";
		};
		74772896209E392200A0AAF5 /* ESTimerUITests */ = {
			isa = PBXNativeTarget;
			buildConfigurationList = 747728A6209E392200A0AAF5 /* Build configuration list for PBXNativeTarget "ESTimerUITests" */;
			buildPhases = (
				74772893209E392200A0AAF5 /* Sources */,
				74772894209E392200A0AAF5 /* Frameworks */,
				74772895209E392200A0AAF5 /* Resources */,
			);
			buildRules = (
			);
			dependencies = (
				74772899209E392200A0AAF5 /* PBXTargetDependency */,
			);
			name = ESTimerUITests;
			productName = ESTimerUITests;
			productReference = 74772897209E392200A0AAF5 /* ESTimerUITests.xctest */;
			productType = "com.apple.product-type.bundle.ui-testing";
		};
/* End PBXNativeTarget section */

/* Begin PBXProject section */
		74772870209E392000A0AAF5 /* Project object */ = {
			isa = PBXProject;
			attributes = {
				LastSwiftUpdateCheck = 0930;
				LastUpgradeCheck = 0930;
				ORGANIZATIONNAME = MMZ;
				TargetAttributes = {
					74772877209E392000A0AAF5 = {
						CreatedOnToolsVersion = 9.3;
					};
					7477288B209E392200A0AAF5 = {
						CreatedOnToolsVersion = 9.3;
						TestTargetID = 74772877209E392000A0AAF5;
					};
					74772896209E392200A0AAF5 = {
						CreatedOnToolsVersion = 9.3;
						TestTargetID = 74772877209E392000A0AAF5;
					};
				};
			};
			buildConfigurationList = 74772873209E392000A0AAF5 /* Build configuration list for PBXProject "ESTimer" */;
			compatibilityVersion = "Xcode 9.3";
			developmentRegion = en;
			hasScannedForEncodings = 0;
			knownRegions = (
				en,
				Base,
			);
			mainGroup = 7477286F209E392000A0AAF5;
			productRefGroup = 74772879209E392000A0AAF5 /* Products */;
			projectDirPath = "";
			projectRoot = "";
			targets = (
				74772877209E392000A0AAF5 /* ESTimer */,
				7477288B209E392200A0AAF5 /* ESTimerTests */,
				74772896209E392200A0AAF5 /* ESTimerUITests */,
			);
		};
/* End PBXProject section */

/* Begin PBXResourcesBuildPhase section */
		74772876209E392000A0AAF5 /* Resources */ = {
			isa = PBXResourcesBuildPhase;
			buildActionMask = 2147483647;
			files = (
				74772886209E392200A0AAF5 /* LaunchScreen.storyboard in Resources */,
				74772883209E392200A0AAF5 /* Assets.xcassets in Resources */,
				74772881209E392000A0AAF5 /* Main.storyboard in Resources */,
			);
			runOnlyForDeploymentPostprocessing = 0;
		};
		7477288A209E392200A0AAF5 /* Resources */ = {
			isa = PBXResourcesBuildPhase;
			buildActionMask = 2147483647;
			files = (
			);
			runOnlyForDeploymentPostprocessing = 0;
		};
		74772895209E392200A0AAF5 /* Resources */ = {
			isa = PBXResourcesBuildPhase;
			buildActionMask = 2147483647;
			files = (
			);
			runOnlyForDeploymentPostprocessing = 0;
		};
/* End PBXResourcesBuildPhase section */

/* Begin PBXSourcesBuildPhase section */
		74772874209E392000A0AAF5 /* Sources */ = {
			isa = PBXSourcesBuildPhase;
			buildActionMask = 2147483647;
			files = (
				7477287E209E392000A0AAF5 /* ViewController.swift in Sources */,
				7477287C209E392000A0AAF5 /* AppDelegate.swift in Sources */,
			);
			runOnlyForDeploymentPostprocessing = 0;
		};
		74772888209E392200A0AAF5 /* Sources */ = {
			isa = PBXSourcesBuildPhase;
			buildActionMask = 2147483647;
			files = (
				74772891209E392200A0AAF5 /* ESTimerTests.swift in Sources */,
			);
			runOnlyForDeploymentPostprocessing = 0;
		};
		74772893209E392200A0AAF5 /* Sources */ = {
			isa = PBXSourcesBuildPhase;
			buildActionMask = 2147483647;
			files = (
				7477289C209E392200A0AAF5 /* ESTimerUITests.swift in Sources */,
			);
			runOnlyForDeploymentPostprocessing = 0;
		};
/* End PBXSourcesBuildPhase section */

/* Begin PBXTargetDependency section */
		7477288E209E392200A0AAF5 /* PBXTargetDependency */ = {
			isa = PBXTargetDependency;
			target = 74772877209E392000A0AAF5 /* ESTimer */;
			targetProxy = 7477288D209E392200A0AAF5 /* PBXContainerItemProxy */;
		};
		74772899209E392200A0AAF5 /* PBXTargetDependency */ = {
			isa = PBXTargetDependency;
			target = 74772877209E392000A0AAF5 /* ESTimer */;
			targetProxy = 74772898209E392200A0AAF5 /* PBXContainerItemProxy */;
		};
/* End PBXTargetDependency section */

/* Begin PBXVariantGroup section */
		7477287F209E392000A0AAF5 /* Main.storyboard */ = {
			isa = PBXVariantGroup;
			children = (
				74772880209E392000A0AAF5 /* Base */,
			);
			name = Main.storyboard;
			sourceTree = "<group>";
		};
		74772884209E392200A0AAF5 /* LaunchScreen.storyboard */ = {
			isa = PBXVariantGroup;
			children = (
				74772885209E392200A0AAF5 /* Base */,
			);
			name = LaunchScreen.storyboard;
			sourceTree = "<group>";
		};
/* End PBXVariantGroup section */

/* Begin XCBuildConfiguration section */
		7477289E209E392200A0AAF5 /* Debug */ = {
			isa = XCBuildConfiguration;
			buildSettings = {
				ALWAYS_SEARCH_USER_PATHS = NO;
				CLANG_ANALYZER_NONNULL = YES;
				CLANG_ANALYZER_NUMBER_OBJECT_CONVERSION = YES_AGGRESSIVE;
				CLANG_CXX_LANGUAGE_STANDARD = "gnu++14";
				CLANG_CXX_LIBRARY = "libc++";
				CLANG_ENABLE_MODULES = YES;
				CLANG_ENABLE_OBJC_ARC = YES;
				CLANG_ENABLE_OBJC_WEAK = YES;
				CLANG_WARN_BLOCK_CAPTURE_AUTORELEASING = YES;
				CLANG_WARN_BOOL_CONVERSION = YES;
				CLANG_WARN_COMMA = YES;
				CLANG_WARN_CONSTANT_CONVERSION = YES;
				CLANG_WARN_DEPRECATED_OBJC_IMPLEMENTATIONS = YES;
				CLANG_WARN_DIRECT_OBJC_ISA_USAGE = YES_ERROR;
				CLANG_WARN_DOCUMENTATION_COMMENTS = YES;
				CLANG_WARN_EMPTY_BODY = YES;
				CLANG_WARN_ENUM_CONVERSION = YES;
				CLANG_WARN_INFINITE_RECURSION = YES;
				CLANG_WARN_INT_CONVERSION = YES;
				CLANG_WARN_NON_LITERAL_NULL_CONVERSION = YES;
				CLANG_WARN_OBJC_IMPLICIT_RETAIN_SELF = YES;
				CLANG_WARN_OBJC_LITERAL_CONVERSION = YES;
				CLANG_WARN_OBJC_ROOT_CLASS = YES_ERROR;
				CLANG_WARN_RANGE_LOOP_ANALYSIS = YES;
				CLANG_WARN_STRICT_PROTOTYPES = YES;
				CLANG_WARN_SUSPICIOUS_MOVE = YES;
				CLANG_WARN_UNGUARDED_AVAILABILITY = YES_AGGRESSIVE;
				CLANG_WARN_UNREACHABLE_CODE = YES;
				CLANG_WARN__DUPLICATE_METHOD_MATCH = YES;
				CODE_SIGN_IDENTITY = "iPhone Developer";
				COPY_PHASE_STRIP = NO;
				DEBUG_INFORMATION_FORMAT = dwarf;
				ENABLE_STRICT_OBJC_MSGSEND = YES;
				ENABLE_TESTABILITY = YES;
				GCC_C_LANGUAGE_STANDARD = gnu11;
				GCC_DYNAMIC_NO_PIC = NO;
				GCC_NO_COMMON_BLOCKS = YES;
				GCC_OPTIMIZATION_LEVEL = 0;
				GCC_PREPROCESSOR_DEFINITIONS = (
					"DEBUG=1",
					"$(inherited)",
				);
				GCC_WARN_64_TO_32_BIT_CONVERSION = YES;
				GCC_WARN_ABOUT_RETURN_TYPE = YES_ERROR;
				GCC_WARN_UNDECLARED_SELECTOR = YES;
				GCC_WARN_UNINITIALIZED_AUTOS = YES_AGGRESSIVE;
				GCC_WARN_UNUSED_FUNCTION = YES;
				GCC_WARN_UNUSED_VARIABLE = YES;
				IPHONEOS_DEPLOYMENT_TARGET = 11.3;
				MTL_ENABLE_DEBUG_INFO = YES;
				ONLY_ACTIVE_ARCH = YES;
				SDKROOT = iphoneos;
				SWIFT_ACTIVE_COMPILATION_CONDITIONS = DEBUG;
				SWIFT_OPTIMIZATION_LEVEL = "-Onone";
			};
			name = Debug;
		};
		7477289F209E392200A0AAF5 /* Release */ = {
			isa = XCBuildConfiguration;
			buildSettings = {
				ALWAYS_SEARCH_USER_PATHS = NO;
				CLANG_ANALYZER_NONNULL = YES;
				CLANG_ANALYZER_NUMBER_OBJECT_CONVERSION = YES_AGGRESSIVE;
				CLANG_CXX_LANGUAGE_STANDARD = "gnu++14";
				CLANG_CXX_LIBRARY = "libc++";
				CLANG_ENABLE_MODULES = YES;
				CLANG_ENABLE_OBJC_ARC = YES;
				CLANG_ENABLE_OBJC_WEAK = YES;
				CLANG_WARN_BLOCK_CAPTURE_AUTORELEASING = YES;
				CLANG_WARN_BOOL_CONVERSION = YES;
				CLANG_WARN_COMMA = YES;
				CLANG_WARN_CONSTANT_CONVERSION = YES;
				CLANG_WARN_DEPRECATED_OBJC_IMPLEMENTATIONS = YES;
				CLANG_WARN_DIRECT_OBJC_ISA_USAGE = YES_ERROR;
				CLANG_WARN_DOCUMENTATION_COMMENTS = YES;
				CLANG_WARN_EMPTY_BODY = YES;
				CLANG_WARN_ENUM_CONVERSION = YES;
				CLANG_WARN_INFINITE_RECURSION = YES;
				CLANG_WARN_INT_CONVERSION = YES;
				CLANG_WARN_NON_LITERAL_NULL_CONVERSION = YES;
				CLANG_WARN_OBJC_IMPLICIT_RETAIN_SELF = YES;
				CLANG_WARN_OBJC_LITERAL_CONVERSION = YES;
				CLANG_WARN_OBJC_ROOT_CLASS = YES_ERROR;
				CLANG_WARN_RANGE_LOOP_ANALYSIS = YES;
				CLANG_WARN_STRICT_PROTOTYPES = YES;
				CLANG_WARN_SUSPICIOUS_MOVE = YES;
				CLANG_WARN_UNGUARDED_AVAILABILITY = YES_AGGRESSIVE;
				CLANG_WARN_UNREACHABLE_CODE = YES;
				CLANG_WARN__DUPLICATE_METHOD_MATCH = YES;
				CODE_SIGN_IDENTITY = "iPhone Developer";
				COPY_PHASE_STRIP = NO;
				DEBUG_INFORMATION_FORMAT = "dwarf-with-dsym";
				ENABLE_NS_ASSERTIONS = NO;
				ENABLE_STRICT_OBJC_MSGSEND = YES;
				GCC_C_LANGUAGE_STANDARD = gnu11;
				GCC_NO_COMMON_BLOCKS = YES;
				GCC_WARN_64_TO_32_BIT_CONVERSION = YES;
				GCC_WARN_ABOUT_RETURN_TYPE = YES_ERROR;
				GCC_WARN_UNDECLARED_SELECTOR = YES;
				GCC_WARN_UNINITIALIZED_AUTOS = YES_AGGRESSIVE;
				GCC_WARN_UNUSED_FUNCTION = YES;
				GCC_WARN_UNUSED_VARIABLE = YES;
				IPHONEOS_DEPLOYMENT_TARGET = 11.3;
				MTL_ENABLE_DEBUG_INFO = NO;
				SDKROOT = iphoneos;
				SWIFT_COMPILATION_MODE = wholemodule;
				SWIFT_OPTIMIZATION_LEVEL = "-O";
				VALIDATE_PRODUCT = YES;
			};
			name = Release;
		};
		747728A1209E392200A0AAF5 /* Debug */ = {
			isa = XCBuildConfiguration;
			buildSettings = {
				ASSETCATALOG_COMPILER_APPICON_NAME = AppIcon;
				CODE_SIGN_STYLE = Automatic;
				DEVELOPMENT_TEAM = 6H795X389T;
				INFOPLIST_FILE = ESTimer/Info.plist;
				LD_RUNPATH_SEARCH_PATHS = (
					"$(inherited)",
					"@executable_path/Frameworks",
				);
				PRODUCT_BUNDLE_IDENTIFIER = tokyo.mmz.ESTimer;
				PRODUCT_NAME = "$(TARGET_NAME)";
				SWIFT_VERSION = 4.0;
				TARGETED_DEVICE_FAMILY = "1,2";
			};
			name = Debug;
		};
		747728A2209E392200A0AAF5 /* Release */ = {
			isa = XCBuildConfiguration;
			buildSettings = {
				ASSETCATALOG_COMPILER_APPICON_NAME = AppIcon;
				CODE_SIGN_STYLE = Automatic;
				DEVELOPMENT_TEAM = 6H795X389T;
				INFOPLIST_FILE = ESTimer/Info.plist;
				LD_RUNPATH_SEARCH_PATHS = (
					"$(inherited)",
					"@executable_path/Frameworks",
				);
				PRODUCT_BUNDLE_IDENTIFIER = tokyo.mmz.ESTimer;
				PRODUCT_NAME = "$(TARGET_NAME)";
				SWIFT_VERSION = 4.0;
				TARGETED_DEVICE_FAMILY = "1,2";
			};
			name = Release;
		};
		747728A4209E392200A0AAF5 /* Debug */ = {
			isa = XCBuildConfiguration;
			buildSettings = {
				ALWAYS_EMBED_SWIFT_STANDARD_LIBRARIES = YES;
				BUNDLE_LOADER = "$(TEST_HOST)";
				CODE_SIGN_STYLE = Automatic;
				DEVELOPMENT_TEAM = 6H795X389T;
				INFOPLIST_FILE = ESTimerTests/Info.plist;
				LD_RUNPATH_SEARCH_PATHS = (
					"$(inherited)",
					"@executable_path/Frameworks",
					"@loader_path/Frameworks",
				);
				PRODUCT_BUNDLE_IDENTIFIER = tokyo.mmz.ESTimerTests;
				PRODUCT_NAME = "$(TARGET_NAME)";
				SWIFT_VERSION = 4.0;
				TARGETED_DEVICE_FAMILY = "1,2";
				TEST_HOST = "$(BUILT_PRODUCTS_DIR)/ESTimer.app/ESTimer";
			};
			name = Debug;
		};
		747728A5209E392200A0AAF5 /* Release */ = {
			isa = XCBuildConfiguration;
			buildSettings = {
				ALWAYS_EMBED_SWIFT_STANDARD_LIBRARIES = YES;
				BUNDLE_LOADER = "$(TEST_HOST)";
				CODE_SIGN_STYLE = Automatic;
				DEVELOPMENT_TEAM = 6H795X389T;
				INFOPLIST_FILE = ESTimerTests/Info.plist;
				LD_RUNPATH_SEARCH_PATHS = (
					"$(inherited)",
					"@executable_path/Frameworks",
					"@loader_path/Frameworks",
				);
				PRODUCT_BUNDLE_IDENTIFIER = tokyo.mmz.ESTimerTests;
				PRODUCT_NAME = "$(TARGET_NAME)";
				SWIFT_VERSION = 4.0;
				TARGETED_DEVICE_FAMILY = "1,2";
				TEST_HOST = "$(BUILT_PRODUCTS_DIR)/ESTimer.app/ESTimer";
			};
			name = Release;
		};
		747728A7209E392200A0AAF5 /* Debug */ = {
			isa = XCBuildConfiguration;
			buildSettings = {
				ALWAYS_EMBED_SWIFT_STANDARD_LIBRARIES = YES;
				CODE_SIGN_STYLE = Automatic;
				DEVELOPMENT_TEAM = 6H795X389T;
				INFOPLIST_FILE = ESTimerUITests/Info.plist;
				LD_RUNPATH_SEARCH_PATHS = (
					"$(inherited)",
					"@executable_path/Frameworks",
					"@loader_path/Frameworks",
				);
				PRODUCT_BUNDLE_IDENTIFIER = tokyo.mmz.ESTimerUITests;
				PRODUCT_NAME = "$(TARGET_NAME)";
				SWIFT_VERSION = 4.0;
				TARGETED_DEVICE_FAMILY = "1,2";
				TEST_TARGET_NAME = ESTimer;
			};
			name = Debug;
		};
		747728A8209E392200A0AAF5 /* Release */ = {
			isa = XCBuildConfiguration;
			buildSettings = {
				ALWAYS_EMBED_SWIFT_STANDARD_LIBRARIES = YES;
				CODE_SIGN_STYLE = Automatic;
				DEVELOPMENT_TEAM = 6H795X389T;
				INFOPLIST_FILE = ESTimerUITests/Info.plist;
				LD_RUNPATH_SEARCH_PATHS = (
					"$(inherited)",
					"@executable_path/Frameworks",
					"@loader_path/Frameworks",
				);
				PRODUCT_BUNDLE_IDENTIFIER = tokyo.mmz.ESTimerUITests;
				PRODUCT_NAME = "$(TARGET_NAME)";
				SWIFT_VERSION = 4.0;
				TARGETED_DEVICE_FAMILY = "1,2";
				TEST_TARGET_NAME = ESTimer;
			};
			name = Release;
		};
/* End XCBuildConfiguration section */

/* Begin XCConfigurationList section */
		74772873209E392000A0AAF5 /* Build configuration list for PBXProject "ESTimer" */ = {
			isa = XCConfigurationList;
			buildConfigurations = (
				7477289E209E392200A0AAF5 /* Debug */,
				7477289F209E392200A0AAF5 /* Release */,
			);
			defaultConfigurationIsVisible = 0;
			defaultConfigurationName = Release;
		};
		747728A0209E392200A0AAF5 /* Build configuration list for PBXNativeTarget "ESTimer" */ = {
			isa = XCConfigurationList;
			buildConfigurations = (
				747728A1209E392200A0AAF5 /* Debug */,
				747728A2209E392200A0AAF5 /* Release */,
			);
			defaultConfigurationIsVisible = 0;
			defaultConfigurationName = Release;
		};
		747728A3209E392200A0AAF5 /* Build configuration list for PBXNativeTarget "ESTimerTests" */ = {
			isa = XCConfigurationList;
			buildConfigurations = (
				747728A4209E392200A0AAF5 /* Debug */,
				747728A5209E392200A0AAF5 /* Release */,
			);
			defaultConfigurationIsVisible = 0;
			defaultConfigurationName = Release;
		};
		747728A6209E392200A0AAF5 /* Build configuration list for PBXNativeTarget "ESTimerUITests" */ = {
			isa = XCConfigurationList;
			buildConfigurations = (
				747728A7209E392200A0AAF5 /* Debug */,
				747728A8209E392200A0AAF5 /* Release */,
			);
			defaultConfigurationIsVisible = 0;
			defaultConfigurationName = Release;
		};
/* End XCConfigurationList section */
	};
	rootObject = 74772870209E392000A0AAF5 /* Project object */;
}
